
Microsoft Visual Studio Solution File, Format Version 12.00
# Visual Studio Version 16
VisualStudioVersion = 16.0.29311.281
MinimumVisualStudioVersion = 10.0.40219.1
Project("{FAE04EC0-301F-11D3-BF4B-00C04F79EFBC}") = "VectorMath", "VectorMath\VectorMath.csproj", "{46DE8B6C-B68B-4558-B2FE-33940E678634}"
EndProject
Project("{FAE04EC0-301F-11D3-BF4B-00C04F79EFBC}") = "VectorMath.Tests", "VectorMath.Tests\VectorMath.Tests.csproj", "{3065A66A-E7CA-443D-B66F-59621A90E900}"
EndProject
Project("{FAE04EC0-301F-11D3-BF4B-00C04F79EFBC}") = "VectorMath.Benchmarks", "VectorMath.Benchmarks\VectorMath.Benchmarks.csproj", "{A0013836-A9BC-44AF-93BA-72AC2D54A651}"
EndProject
Global
	GlobalSection(SolutionConfigurationPlatforms) = preSolution
		Debug|Any CPU = Debug|Any CPU
		Release|Any CPU = Release|Any CPU
	EndGlobalSection
	GlobalSection(ProjectConfigurationPlatforms) = postSolution
		{46DE8B6C-B68B-4558-B2FE-33940E678634}.Debug|Any CPU.ActiveCfg = Debug|Any CPU
		{46DE8B6C-B68B-4558-B2FE-33940E678634}.Debug|Any CPU.Build.0 = Debug|Any CPU
		{46DE8B6C-B68B-4558-B2FE-33940E678634}.Release|Any CPU.ActiveCfg = Release|Any CPU
		{46DE8B6C-B68B-4558-B2FE-33940E678634}.Release|Any CPU.Build.0 = Release|Any CPU
		{3065A66A-E7CA-443D-B66F-59621A90E900}.Debug|Any CPU.ActiveCfg = Debug|Any CPU
		{3065A66A-E7CA-443D-B66F-59621A90E900}.Debug|Any CPU.Build.0 = Debug|Any CPU
		{3065A66A-E7CA-443D-B66F-59621A90E900}.Release|Any CPU.ActiveCfg = Release|Any CPU
		{3065A66A-E7CA-443D-B66F-59621A90E900}.Release|Any CPU.Build.0 = Release|Any CPU
		{A0013836-A9BC-44AF-93BA-72AC2D54A651}.Debug|Any CPU.ActiveCfg = Debug|Any CPU
		{A0013836-A9BC-44AF-93BA-72AC2D54A651}.Debug|Any CPU.Build.0 = Debug|Any CPU
		{A0013836-A9BC-44AF-93BA-72AC2D54A651}.Release|Any CPU.ActiveCfg = Release|Any CPU
		{A0013836-A9BC-44AF-93BA-72AC2D54A651}.Release|Any CPU.Build.0 = Release|Any CPU
	EndGlobalSection
	GlobalSection(SolutionProperties) = preSolution
		HideSolutionNode = FALSE
	EndGlobalSection
	GlobalSection(ExtensibilityGlobals) = postSolution
		SolutionGuid = {1B2A18E4-4A18-459F-BD04-965D401F997E}
	EndGlobalSection
EndGlobal
